// !$*UTF8*$!
{
	archiveVersion = 1;
	classes = {
	};
	objectVersion = 46;
	objects = {

/* Begin PBXBuildFile section */
		86E2D6A319A3EC8600395D8C /* AppDelegate.swift in Sources */ = {isa = PBXBuildFile; fileRef = 86E2D6A219A3EC8600395D8C /* AppDelegate.swift */; };
		86E2D6A819A3EC8600395D8C /* Main.storyboard in Resources */ = {isa = PBXBuildFile; fileRef = 86E2D6A619A3EC8600395D8C /* Main.storyboard */; };
		86E2D6AA19A3EC8600395D8C /* Images.xcassets in Resources */ = {isa = PBXBuildFile; fileRef = 86E2D6A919A3EC8600395D8C /* Images.xcassets */; };
		86E2D6C419A3EFA200395D8C /* ResultsViewController.swift in Sources */ = {isa = PBXBuildFile; fileRef = 86E2D6C319A3EFA200395D8C /* ResultsViewController.swift */; };
		86E2D6C619A3EFBE00395D8C /* ResultCell.swift in Sources */ = {isa = PBXBuildFile; fileRef = 86E2D6C519A3EFBE00395D8C /* ResultCell.swift */; };
		86E2D6C919A3FB2100395D8C /* FlickrHelper.swift in Sources */ = {isa = PBXBuildFile; fileRef = 86E2D6C719A3FB2100395D8C /* FlickrHelper.swift */; };
		86E2D6CA19A3FB2100395D8C /* Photo.swift in Sources */ = {isa = PBXBuildFile; fileRef = 86E2D6C819A3FB2100395D8C /* Photo.swift */; };
		B107E2211A50BD5F00E000C1 /* HomeViewController.swift in Sources */ = {isa = PBXBuildFile; fileRef = 86E2D6A419A3EC8600395D8C /* HomeViewController.swift */; };
		B12D30951A50861A00837B2B /* InfoViewController.swift in Sources */ = {isa = PBXBuildFile; fileRef = B12D30941A50861A00837B2B /* InfoViewController.swift */; };
		B1316FEA1A50A5C300672391 /* PhotoViewController.swift in Sources */ = {isa = PBXBuildFile; fileRef = B148CEF71A4CF4050000AB32 /* PhotoViewController.swift */; };
		B1321D9E1A5D024000A04641 /* MapKit.framework in Frameworks */ = {isa = PBXBuildFile; fileRef = B1321D9D1A5D024000A04641 /* MapKit.framework */; };
		B1406CD91A63379800A3E8C7 /* STTweetLabel.m in Sources */ = {isa = PBXBuildFile; fileRef = B1F25D671A63370800726A97 /* STTweetLabel.m */; };
		B1406CDA1A63379800A3E8C7 /* STTweetTextStorage.m in Sources */ = {isa = PBXBuildFile; fileRef = B1F25D691A63370800726A97 /* STTweetTextStorage.m */; };
		B1406CDD1A6337C500A3E8C7 /* NVGalleryViewController.m in Sources */ = {isa = PBXBuildFile; fileRef = B1406CDC1A6337C500A3E8C7 /* NVGalleryViewController.m */; };
		B148CEFB1A4CF4900000AB32 /* CommentCell.swift in Sources */ = {isa = PBXBuildFile; fileRef = B148CEF91A4CF4900000AB32 /* CommentCell.swift */; };
		B148CEFC1A4CF4900000AB32 /* CommentViewCell.xib in Resources */ = {isa = PBXBuildFile; fileRef = B148CEFA1A4CF4900000AB32 /* CommentViewCell.xib */; };
		B177F94A1A4B74F300E25480 /* Comment.swift in Sources */ = {isa = PBXBuildFile; fileRef = B177F9491A4B74F300E25480 /* Comment.swift */; };
		B1AF6BC41A59B7BB00D23786 /* ExtensionMethods.swift in Sources */ = {isa = PBXBuildFile; fileRef = B1AF6BC31A59B7BB00D23786 /* ExtensionMethods.swift */; };
		B1AF6BC61A59BBEB00D23786 /* InfoCell.swift in Sources */ = {isa = PBXBuildFile; fileRef = B1AF6BC51A59BBEB00D23786 /* InfoCell.swift */; };
		B1AF6BCA1A5C4C9F00D23786 /* Reachability.swift in Sources */ = {isa = PBXBuildFile; fileRef = B1AF6BC91A5C4C9F00D23786 /* Reachability.swift */; };
		B1E3DE211A5DAE57007E7A0A /* LICENSE.txt in Resources */ = {isa = PBXBuildFile; fileRef = B1E3DE201A5DAE57007E7A0A /* LICENSE.txt */; };
		B1F25D651A6336FA00726A97 /* ImageLoader.swift in Sources */ = {isa = PBXBuildFile; fileRef = B1F25D641A6336FA00726A97 /* ImageLoader.swift */; };
/* End PBXBuildFile section */

/* Begin PBXContainerItemProxy section */
		86E2D6B019A3EC8700395D8C /* PBXContainerItemProxy */ = {
			isa = PBXContainerItemProxy;
			containerPortal = 86E2D69519A3EC8600395D8C /* Project object */;
			proxyType = 1;
			remoteGlobalIDString = 86E2D69C19A3EC8600395D8C;
			remoteInfo = FlickrGallery;
		};
/* End PBXContainerItemProxy section */

/* Begin PBXFileReference section */
		86E2D69D19A3EC8600395D8C /* FlickrApp.app */ = {isa = PBXFileReference; explicitFileType = wrapper.application; includeInIndex = 0; path = FlickrApp.app; sourceTree = BUILT_PRODUCTS_DIR; };
		86E2D6A119A3EC8600395D8C /* Info.plist */ = {isa = PBXFileReference; lastKnownFileType = text.plist.xml; path = Info.plist; sourceTree = "<group>"; };
		86E2D6A219A3EC8600395D8C /* AppDelegate.swift */ = {isa = PBXFileReference; lastKnownFileType = sourcecode.swift; path = AppDelegate.swift; sourceTree = "<group>"; };
		86E2D6A419A3EC8600395D8C /* HomeViewController.swift */ = {isa = PBXFileReference; lastKnownFileType = sourcecode.swift; path = HomeViewController.swift; sourceTree = "<group>"; };
		86E2D6A719A3EC8600395D8C /* Base */ = {isa = PBXFileReference; lastKnownFileType = file.storyboard; name = Base; path = Base.lproj/Main.storyboard; sourceTree = "<group>"; };
		86E2D6A919A3EC8600395D8C /* Images.xcassets */ = {isa = PBXFileReference; lastKnownFileType = folder.assetcatalog; path = Images.xcassets; sourceTree = "<group>"; };
		86E2D6AF19A3EC8700395D8C /* FlickrAppTests.xctest */ = {isa = PBXFileReference; explicitFileType = wrapper.cfbundle; includeInIndex = 0; path = FlickrAppTests.xctest; sourceTree = BUILT_PRODUCTS_DIR; };
		86E2D6C319A3EFA200395D8C /* ResultsViewController.swift */ = {isa = PBXFileReference; fileEncoding = 4; lastKnownFileType = sourcecode.swift; path = ResultsViewController.swift; sourceTree = "<group>"; };
		86E2D6C519A3EFBE00395D8C /* ResultCell.swift */ = {isa = PBXFileReference; fileEncoding = 4; lastKnownFileType = sourcecode.swift; path = ResultCell.swift; sourceTree = "<group>"; };
		86E2D6C719A3FB2100395D8C /* FlickrHelper.swift */ = {isa = PBXFileReference; fileEncoding = 4; lastKnownFileType = sourcecode.swift; path = FlickrHelper.swift; sourceTree = "<group>"; };
		86E2D6C819A3FB2100395D8C /* Photo.swift */ = {isa = PBXFileReference; fileEncoding = 4; lastKnownFileType = sourcecode.swift; path = Photo.swift; sourceTree = "<group>"; };
		B12D30941A50861A00837B2B /* InfoViewController.swift */ = {isa = PBXFileReference; fileEncoding = 4; lastKnownFileType = sourcecode.swift; path = InfoViewController.swift; sourceTree = "<group>"; };
		B1321D9D1A5D024000A04641 /* MapKit.framework */ = {isa = PBXFileReference; lastKnownFileType = wrapper.framework; name = MapKit.framework; path = System/Library/Frameworks/MapKit.framework; sourceTree = SDKROOT; };
		B1406CDB1A6337C500A3E8C7 /* NVGalleryViewController.h */ = {isa = PBXFileReference; fileEncoding = 4; lastKnownFileType = sourcecode.c.h; path = NVGalleryViewController.h; sourceTree = "<group>"; };
		B1406CDC1A6337C500A3E8C7 /* NVGalleryViewController.m */ = {isa = PBXFileReference; fileEncoding = 4; lastKnownFileType = sourcecode.c.objc; path = NVGalleryViewController.m; sourceTree = "<group>"; };
		B148CEF71A4CF4050000AB32 /* PhotoViewController.swift */ = {isa = PBXFileReference; fileEncoding = 4; lastKnownFileType = sourcecode.swift; path = PhotoViewController.swift; sourceTree = "<group>"; };
		B148CEF91A4CF4900000AB32 /* CommentCell.swift */ = {isa = PBXFileReference; fileEncoding = 4; lastKnownFileType = sourcecode.swift; path = CommentCell.swift; sourceTree = "<group>"; };
		B148CEFA1A4CF4900000AB32 /* CommentViewCell.xib */ = {isa = PBXFileReference; fileEncoding = 4; lastKnownFileType = file.xib; path = CommentViewCell.xib; sourceTree = "<group>"; };
		B177F9491A4B74F300E25480 /* Comment.swift */ = {isa = PBXFileReference; fileEncoding = 4; lastKnownFileType = sourcecode.swift; path = Comment.swift; sourceTree = "<group>"; };
		B1AF6BC31A59B7BB00D23786 /* ExtensionMethods.swift */ = {isa = PBXFileReference; fileEncoding = 4; lastKnownFileType = sourcecode.swift; path = ExtensionMethods.swift; sourceTree = "<group>"; };
		B1AF6BC51A59BBEB00D23786 /* InfoCell.swift */ = {isa = PBXFileReference; fileEncoding = 4; lastKnownFileType = sourcecode.swift; path = InfoCell.swift; sourceTree = "<group>"; };
		B1AF6BC91A5C4C9F00D23786 /* Reachability.swift */ = {isa = PBXFileReference; fileEncoding = 4; lastKnownFileType = sourcecode.swift; path = Reachability.swift; sourceTree = "<group>"; };
		B1CF4A5B1A4DDF4E00A89BC6 /* FlickrApp-Bridging-Header.h */ = {isa = PBXFileReference; lastKnownFileType = sourcecode.c.h; path = "FlickrApp-Bridging-Header.h"; sourceTree = "<group>"; };
		B1E3DE201A5DAE57007E7A0A /* LICENSE.txt */ = {isa = PBXFileReference; fileEncoding = 4; lastKnownFileType = text; name = LICENSE.txt; path = ../LICENSE.txt; sourceTree = "<group>"; };
		B1F25D641A6336FA00726A97 /* ImageLoader.swift */ = {isa = PBXFileReference; fileEncoding = 4; lastKnownFileType = sourcecode.swift; path = ImageLoader.swift; sourceTree = "<group>"; };
		B1F25D661A63370800726A97 /* STTweetLabel.h */ = {isa = PBXFileReference; fileEncoding = 4; lastKnownFileType = sourcecode.c.h; path = STTweetLabel.h; sourceTree = "<group>"; };
		B1F25D671A63370800726A97 /* STTweetLabel.m */ = {isa = PBXFileReference; fileEncoding = 4; lastKnownFileType = sourcecode.c.objc; path = STTweetLabel.m; sourceTree = "<group>"; };
		B1F25D681A63370800726A97 /* STTweetTextStorage.h */ = {isa = PBXFileReference; fileEncoding = 4; lastKnownFileType = sourcecode.c.h; path = STTweetTextStorage.h; sourceTree = "<group>"; };
		B1F25D691A63370800726A97 /* STTweetTextStorage.m */ = {isa = PBXFileReference; fileEncoding = 4; lastKnownFileType = sourcecode.c.objc; path = STTweetTextStorage.m; sourceTree = "<group>"; };
/* End PBXFileReference section */

/* Begin PBXFrameworksBuildPhase section */
		86E2D69A19A3EC8600395D8C /* Frameworks */ = {
			isa = PBXFrameworksBuildPhase;
			buildActionMask = 2147483647;
			files = (
				B1321D9E1A5D024000A04641 /* MapKit.framework in Frameworks */,
			);
			runOnlyForDeploymentPostprocessing = 0;
		};
		86E2D6AC19A3EC8700395D8C /* Frameworks */ = {
			isa = PBXFrameworksBuildPhase;
			buildActionMask = 2147483647;
			files = (
			);
			runOnlyForDeploymentPostprocessing = 0;
		};
/* End PBXFrameworksBuildPhase section */

/* Begin PBXGroup section */
		86E2D69419A3EC8600395D8C = {
			isa = PBXGroup;
			children = (
				86E2D69F19A3EC8600395D8C /* FlickrApp */,
				86E2D69E19A3EC8600395D8C /* Products */,
				B1CF4A5B1A4DDF4E00A89BC6 /* FlickrApp-Bridging-Header.h */,
				B1F25D661A63370800726A97 /* STTweetLabel.h */,
				B1F25D671A63370800726A97 /* STTweetLabel.m */,
				B1F25D681A63370800726A97 /* STTweetTextStorage.h */,
				B1406CDB1A6337C500A3E8C7 /* NVGalleryViewController.h */,
				B1406CDC1A6337C500A3E8C7 /* NVGalleryViewController.m */,
				B1F25D691A63370800726A97 /* STTweetTextStorage.m */,
				B1321D9D1A5D024000A04641 /* MapKit.framework */,
			);
			sourceTree = "<group>";
		};
		86E2D69E19A3EC8600395D8C /* Products */ = {
			isa = PBXGroup;
			children = (
				86E2D69D19A3EC8600395D8C /* FlickrApp.app */,
				86E2D6AF19A3EC8700395D8C /* FlickrAppTests.xctest */,
			);
			name = Products;
			sourceTree = "<group>";
		};
		86E2D69F19A3EC8600395D8C /* FlickrApp */ = {
			isa = PBXGroup;
			children = (
				86E2D6A219A3EC8600395D8C /* AppDelegate.swift */,
				B1F25D641A6336FA00726A97 /* ImageLoader.swift */,
				86E2D6C719A3FB2100395D8C /* FlickrHelper.swift */,
				B1AF6BC91A5C4C9F00D23786 /* Reachability.swift */,
				B1AF6BC31A59B7BB00D23786 /* ExtensionMethods.swift */,
				86E2D6C819A3FB2100395D8C /* Photo.swift */,
				B177F9491A4B74F300E25480 /* Comment.swift */,
				86E2D6A419A3EC8600395D8C /* HomeViewController.swift */,
				B12D30941A50861A00837B2B /* InfoViewController.swift */,
				86E2D6C319A3EFA200395D8C /* ResultsViewController.swift */,
				B148CEF71A4CF4050000AB32 /* PhotoViewController.swift */,
				86E2D6C519A3EFBE00395D8C /* ResultCell.swift */,
				B148CEF91A4CF4900000AB32 /* CommentCell.swift */,
				B1AF6BC51A59BBEB00D23786 /* InfoCell.swift */,
				B1E3DE201A5DAE57007E7A0A /* LICENSE.txt */,
				B148CEFA1A4CF4900000AB32 /* CommentViewCell.xib */,
				86E2D6A619A3EC8600395D8C /* Main.storyboard */,
				86E2D6A919A3EC8600395D8C /* Images.xcassets */,
				86E2D6A019A3EC8600395D8C /* Supporting Files */,
			);
			name = FlickrApp;
			path = FlickrGallery;
			sourceTree = "<group>";
		};
		86E2D6A019A3EC8600395D8C /* Supporting Files */ = {
			isa = PBXGroup;
			children = (
				86E2D6A119A3EC8600395D8C /* Info.plist */,
			);
			name = "Supporting Files";
			sourceTree = "<group>";
		};
/* End PBXGroup section */

/* Begin PBXNativeTarget section */
		86E2D69C19A3EC8600395D8C /* FlickrApp */ = {
			isa = PBXNativeTarget;
			buildConfigurationList = 86E2D6B919A3EC8700395D8C /* Build configuration list for PBXNativeTarget "FlickrApp" */;
			buildPhases = (
				86E2D69919A3EC8600395D8C /* Sources */,
				86E2D69A19A3EC8600395D8C /* Frameworks */,
				86E2D69B19A3EC8600395D8C /* Resources */,
			);
			buildRules = (
			);
			dependencies = (
			);
			name = FlickrApp;
			productName = FlickrGallery;
			productReference = 86E2D69D19A3EC8600395D8C /* FlickrApp.app */;
			productType = "com.apple.product-type.application";
		};
		86E2D6AE19A3EC8700395D8C /* FlickrAppTests */ = {
			isa = PBXNativeTarget;
			buildConfigurationList = 86E2D6BC19A3EC8700395D8C /* Build configuration list for PBXNativeTarget "FlickrAppTests" */;
			buildPhases = (
				86E2D6AB19A3EC8700395D8C /* Sources */,
				86E2D6AC19A3EC8700395D8C /* Frameworks */,
				86E2D6AD19A3EC8700395D8C /* Resources */,
			);
			buildRules = (
			);
			dependencies = (
				86E2D6B119A3EC8700395D8C /* PBXTargetDependency */,
			);
			name = FlickrAppTests;
			productName = FlickrGalleryTests;
			productReference = 86E2D6AF19A3EC8700395D8C /* FlickrAppTests.xctest */;
			productType = "com.apple.product-type.bundle.unit-test";
		};
/* End PBXNativeTarget section */

/* Begin PBXProject section */
		86E2D69519A3EC8600395D8C /* Project object */ = {
			isa = PBXProject;
			attributes = {
				LastUpgradeCheck = 0600;
				ORGANIZATIONNAME = "Jon Baker";
				TargetAttributes = {
					86E2D69C19A3EC8600395D8C = {
						CreatedOnToolsVersion = 6.0;
						DevelopmentTeam = 9WA6K9AL28;
					};
					86E2D6AE19A3EC8700395D8C = {
						CreatedOnToolsVersion = 6.0;
						TestTargetID = 86E2D69C19A3EC8600395D8C;
					};
				};
			};
			buildConfigurationList = 86E2D69819A3EC8600395D8C /* Build configuration list for PBXProject "FlickrApp" */;
			compatibilityVersion = "Xcode 3.2";
			developmentRegion = English;
			hasScannedForEncodings = 0;
			knownRegions = (
				en,
				Base,
			);
			mainGroup = 86E2D69419A3EC8600395D8C;
			productRefGroup = 86E2D69E19A3EC8600395D8C /* Products */;
			projectDirPath = "";
			projectRoot = "";
			targets = (
				86E2D69C19A3EC8600395D8C /* FlickrApp */,
				86E2D6AE19A3EC8700395D8C /* FlickrAppTests */,
			);
		};
/* End PBXProject section */

/* Begin PBXResourcesBuildPhase section */
		86E2D69B19A3EC8600395D8C /* Resources */ = {
			isa = PBXResourcesBuildPhase;
			buildActionMask = 2147483647;
			files = (
				B1E3DE211A5DAE57007E7A0A /* LICENSE.txt in Resources */,
				86E2D6A819A3EC8600395D8C /* Main.storyboard in Resources */,
				86E2D6AA19A3EC8600395D8C /* Images.xcassets in Resources */,
				B148CEFC1A4CF4900000AB32 /* CommentViewCell.xib in Resources */,
			);
			runOnlyForDeploymentPostprocessing = 0;
		};
		86E2D6AD19A3EC8700395D8C /* Resources */ = {
			isa = PBXResourcesBuildPhase;
			buildActionMask = 2147483647;
			files = (
			);
			runOnlyForDeploymentPostprocessing = 0;
		};
/* End PBXResourcesBuildPhase section */

/* Begin PBXSourcesBuildPhase section */
		86E2D69919A3EC8600395D8C /* Sources */ = {
			isa = PBXSourcesBuildPhase;
			buildActionMask = 2147483647;
			files = (
				B1406CDD1A6337C500A3E8C7 /* NVGalleryViewController.m in Sources */,
				B1406CD91A63379800A3E8C7 /* STTweetLabel.m in Sources */,
				B1406CDA1A63379800A3E8C7 /* STTweetTextStorage.m in Sources */,
				B1F25D651A6336FA00726A97 /* ImageLoader.swift in Sources */,
				B107E2211A50BD5F00E000C1 /* HomeViewController.swift in Sources */,
				B1316FEA1A50A5C300672391 /* PhotoViewController.swift in Sources */,
				B148CEFB1A4CF4900000AB32 /* CommentCell.swift in Sources */,
				86E2D6CA19A3FB2100395D8C /* Photo.swift in Sources */,
				B177F94A1A4B74F300E25480 /* Comment.swift in Sources */,
				86E2D6C619A3EFBE00395D8C /* ResultCell.swift in Sources */,
				86E2D6C919A3FB2100395D8C /* FlickrHelper.swift in Sources */,
				B1AF6BC41A59B7BB00D23786 /* ExtensionMethods.swift in Sources */,
				B1AF6BC61A59BBEB00D23786 /* InfoCell.swift in Sources */,
				86E2D6C419A3EFA200395D8C /* ResultsViewController.swift in Sources */,
				B1AF6BCA1A5C4C9F00D23786 /* Reachability.swift in Sources */,
				86E2D6A319A3EC8600395D8C /* AppDelegate.swift in Sources */,
				B12D30951A50861A00837B2B /* InfoViewController.swift in Sources */,
			);
			runOnlyForDeploymentPostprocessing = 0;
		};
		86E2D6AB19A3EC8700395D8C /* Sources */ = {
			isa = PBXSourcesBuildPhase;
			buildActionMask = 2147483647;
			files = (
			);
			runOnlyForDeploymentPostprocessing = 0;
		};
/* End PBXSourcesBuildPhase section */

/* Begin PBXTargetDependency section */
		86E2D6B119A3EC8700395D8C /* PBXTargetDependency */ = {
			isa = PBXTargetDependency;
			target = 86E2D69C19A3EC8600395D8C /* FlickrApp */;
			targetProxy = 86E2D6B019A3EC8700395D8C /* PBXContainerItemProxy */;
		};
/* End PBXTargetDependency section */

/* Begin PBXVariantGroup section */
		86E2D6A619A3EC8600395D8C /* Main.storyboard */ = {
			isa = PBXVariantGroup;
			children = (
				86E2D6A719A3EC8600395D8C /* Base */,
			);
			name = Main.storyboard;
			sourceTree = "<group>";
		};
/* End PBXVariantGroup section */

/* Begin XCBuildConfiguration section */
		86E2D6B719A3EC8700395D8C /* Debug */ = {
			isa = XCBuildConfiguration;
			buildSettings = {
				ALWAYS_SEARCH_USER_PATHS = NO;
				CLANG_CXX_LANGUAGE_STANDARD = "gnu++0x";
				CLANG_CXX_LIBRARY = "libc++";
				CLANG_ENABLE_MODULES = YES;
				CLANG_ENABLE_OBJC_ARC = YES;
				CLANG_WARN_BOOL_CONVERSION = YES;
				CLANG_WARN_CONSTANT_CONVERSION = YES;
				CLANG_WARN_DIRECT_OBJC_ISA_USAGE = YES_ERROR;
				CLANG_WARN_EMPTY_BODY = YES;
				CLANG_WARN_ENUM_CONVERSION = YES;
				CLANG_WARN_INT_CONVERSION = YES;
				CLANG_WARN_OBJC_ROOT_CLASS = YES_ERROR;
				CLANG_WARN_UNREACHABLE_CODE = YES;
				CLANG_WARN__DUPLICATE_METHOD_MATCH = YES;
				"CODE_SIGN_IDENTITY[sdk=iphoneos*]" = "iPhone Developer";
				COPY_PHASE_STRIP = NO;
				ENABLE_STRICT_OBJC_MSGSEND = YES;
				GCC_C_LANGUAGE_STANDARD = gnu99;
				GCC_DYNAMIC_NO_PIC = NO;
				GCC_OPTIMIZATION_LEVEL = 0;
				GCC_PREPROCESSOR_DEFINITIONS = (
					"DEBUG=1",
					"$(inherited)",
				);
				GCC_SYMBOLS_PRIVATE_EXTERN = NO;
				GCC_WARN_64_TO_32_BIT_CONVERSION = YES;
				GCC_WARN_ABOUT_RETURN_TYPE = YES_ERROR;
				GCC_WARN_UNDECLARED_SELECTOR = YES;
				GCC_WARN_UNINITIALIZED_AUTOS = YES_AGGRESSIVE;
				GCC_WARN_UNUSED_FUNCTION = YES;
				GCC_WARN_UNUSED_VARIABLE = YES;
				IPHONEOS_DEPLOYMENT_TARGET = 8.0;
				MTL_ENABLE_DEBUG_INFO = YES;
				ONLY_ACTIVE_ARCH = YES;
				SDKROOT = iphoneos;
				SWIFT_OPTIMIZATION_LEVEL = "-Onone";
			};
			name = Debug;
		};
		86E2D6B819A3EC8700395D8C /* Release */ = {
			isa = XCBuildConfiguration;
			buildSettings = {
				ALWAYS_SEARCH_USER_PATHS = NO;
				CLANG_CXX_LANGUAGE_STANDARD = "gnu++0x";
				CLANG_CXX_LIBRARY = "libc++";
				CLANG_ENABLE_MODULES = YES;
				CLANG_ENABLE_OBJC_ARC = YES;
				CLANG_WARN_BOOL_CONVERSION = YES;
				CLANG_WARN_CONSTANT_CONVERSION = YES;
				CLANG_WARN_DIRECT_OBJC_ISA_USAGE = YES_ERROR;
				CLANG_WARN_EMPTY_BODY = YES;
				CLANG_WARN_ENUM_CONVERSION = YES;
				CLANG_WARN_INT_CONVERSION = YES;
				CLANG_WARN_OBJC_ROOT_CLASS = YES_ERROR;
				CLANG_WARN_UNREACHABLE_CODE = YES;
				CLANG_WARN__DUPLICATE_METHOD_MATCH = YES;
				"CODE_SIGN_IDENTITY[sdk=iphoneos*]" = "iPhone Developer";
				COPY_PHASE_STRIP = YES;
				ENABLE_NS_ASSERTIONS = NO;
				ENABLE_STRICT_OBJC_MSGSEND = YES;
				GCC_C_LANGUAGE_STANDARD = gnu99;
				GCC_WARN_64_TO_32_BIT_CONVERSION = YES;
				GCC_WARN_ABOUT_RETURN_TYPE = YES_ERROR;
				GCC_WARN_UNDECLARED_SELECTOR = YES;
				GCC_WARN_UNINITIALIZED_AUTOS = YES_AGGRESSIVE;
				GCC_WARN_UNUSED_FUNCTION = YES;
				GCC_WARN_UNUSED_VARIABLE = YES;
				IPHONEOS_DEPLOYMENT_TARGET = 8.0;
				MTL_ENABLE_DEBUG_INFO = NO;
				SDKROOT = iphoneos;
				VALIDATE_PRODUCT = YES;
			};
			name = Release;
		};
		86E2D6BA19A3EC8700395D8C /* Debug */ = {
			isa = XCBuildConfiguration;
			buildSettings = {
				ASSETCATALOG_COMPILER_APPICON_NAME = AppIcon;
				ASSETCATALOG_COMPILER_LAUNCHIMAGE_NAME = LaunchImage;
				CLANG_ENABLE_MODULES = YES;
				CODE_SIGN_IDENTITY = "iPhone Developer";
				"CODE_SIGN_IDENTITY[sdk=iphoneos*]" = "iPhone Developer";
				INFOPLIST_FILE = FlickrGallery/Info.plist;
				IPHONEOS_DEPLOYMENT_TARGET = 8.1;
				LD_RUNPATH_SEARCH_PATHS = "$(inherited) @executable_path/Frameworks";
				PRODUCT_NAME = FlickrApp;
				PROVISIONING_PROFILE = "";
				SWIFT_OBJC_BRIDGING_HEADER = "FlickrApp-Bridging-Header.h";
				SWIFT_OPTIMIZATION_LEVEL = "-Onone";
			};
			name = Debug;
		};
		86E2D6BB19A3EC8700395D8C /* Release */ = {
			isa = XCBuildConfiguration;
			buildSettings = {
				ASSETCATALOG_COMPILER_APPICON_NAME = AppIcon;
				ASSETCATALOG_COMPILER_LAUNCHIMAGE_NAME = LaunchImage;
				CLANG_ENABLE_MODULES = YES;
				CODE_SIGN_IDENTITY = "iPhone Developer";
				"CODE_SIGN_IDENTITY[sdk=iphoneos*]" = "iPhone Developer";
				INFOPLIST_FILE = FlickrGallery/Info.plist;
				IPHONEOS_DEPLOYMENT_TARGET = 8.1;
				LD_RUNPATH_SEARCH_PATHS = "$(inherited) @executable_path/Frameworks";
				PRODUCT_NAME = FlickrApp;
				PROVISIONING_PROFILE = "";
				SWIFT_OBJC_BRIDGING_HEADER = "FlickrApp-Bridging-Header.h";
			};
			name = Release;
		};
		86E2D6BD19A3EC8700395D8C /* Debug */ = {
			isa = XCBuildConfiguration;
			buildSettings = {
				BUNDLE_LOADER = "$(TEST_HOST)";
				FRAMEWORK_SEARCH_PATHS = (
					"$(SDKROOT)/Developer/Library/Frameworks",
					"$(inherited)",
				);
				GCC_PREPROCESSOR_DEFINITIONS = (
					"DEBUG=1",
					"$(inherited)",
				);
				INFOPLIST_FILE = FlickrGalleryTests/Info.plist;
				LD_RUNPATH_SEARCH_PATHS = "$(inherited) @executable_path/Frameworks @loader_path/Frameworks";
				PRODUCT_NAME = FlickrAppTests;
				TEST_HOST = "$(BUILT_PRODUCTS_DIR)/FlickrGallery.app/FlickrGallery";
			};
			name = Debug;
		};
		86E2D6BE19A3EC8700395D8C /* Release */ = {
			isa = XCBuildConfiguration;
			buildSettings = {
				BUNDLE_LOADER = "$(TEST_HOST)";
				FRAMEWORK_SEARCH_PATHS = (
					"$(SDKROOT)/Developer/Library/Frameworks",
					"$(inherited)",
				);
				INFOPLIST_FILE = FlickrGalleryTests/Info.plist;
				LD_RUNPATH_SEARCH_PATHS = "$(inherited) @executable_path/Frameworks @loader_path/Frameworks";
				PRODUCT_NAME = FlickrAppTests;
				TEST_HOST = "$(BUILT_PRODUCTS_DIR)/FlickrGallery.app/FlickrGallery";
			};
			name = Release;
		};
/* End XCBuildConfiguration section */

/* Begin XCConfigurationList section */
		86E2D69819A3EC8600395D8C /* Build configuration list for PBXProject "FlickrApp" */ = {
			isa = XCConfigurationList;
			buildConfigurations = (
				86E2D6B719A3EC8700395D8C /* Debug */,
				86E2D6B819A3EC8700395D8C /* Release */,
			);
			defaultConfigurationIsVisible = 0;
			defaultConfigurationName = Release;
		};
		86E2D6B919A3EC8700395D8C /* Build configuration list for PBXNativeTarget "FlickrApp" */ = {
			isa = XCConfigurationList;
			buildConfigurations = (
				86E2D6BA19A3EC8700395D8C /* Debug */,
				86E2D6BB19A3EC8700395D8C /* Release */,
			);
			defaultConfigurationIsVisible = 0;
			defaultConfigurationName = Release;
		};
		86E2D6BC19A3EC8700395D8C /* Build configuration list for PBXNativeTarget "FlickrAppTests" */ = {
			isa = XCConfigurationList;
			buildConfigurations = (
				86E2D6BD19A3EC8700395D8C /* Debug */,
				86E2D6BE19A3EC8700395D8C /* Release */,
			);
			defaultConfigurationIsVisible = 0;
			defaultConfigurationName = Release;
		};
/* End XCConfigurationList section */
	};
	rootObject = 86E2D69519A3EC8600395D8C /* Project object */;
}
